
Microsoft Visual Studio Solution File, Format Version 12.00
# Visual Studio 2013
VisualStudioVersion = 12.0.31101.0
MinimumVisualStudioVersion = 10.0.40219.1
Project("{FAE04EC0-301F-11D3-BF4B-00C04F79EFBC}") = "Task1.ClassSizeInCSharp", "Task1.ClassSizeInCSharp\Task1.ClassSizeInCSharp.csproj", "{63CD7EA0-1F32-4F8B-BEC2-C806A119EA1F}"
EndProject
Project("{FAE04EC0-301F-11D3-BF4B-00C04F79EFBC}") = "Task2.MethodPrintStatisticsInCSharp", "Task2.MethodPrintStatisticsInCSharp\Task2.MethodPrintStatisticsInCSharp.csproj", "{66A83CA5-E19F-4250-931B-B817EEF08C48}"
EndProject
Global
	GlobalSection(SolutionConfigurationPlatforms) = preSolution
		Debug|Any CPU = Debug|Any CPU
		Release|Any CPU = Release|Any CPU
	EndGlobalSection
	GlobalSection(ProjectConfigurationPlatforms) = postSolution
		{63CD7EA0-1F32-4F8B-BEC2-C806A119EA1F}.Debug|Any CPU.ActiveCfg = Debug|Any CPU
		{63CD7EA0-1F32-4F8B-BEC2-C806A119EA1F}.Debug|Any CPU.Build.0 = Debug|Any CPU
		{63CD7EA0-1F32-4F8B-BEC2-C806A119EA1F}.Release|Any CPU.ActiveCfg = Release|Any CPU
		{63CD7EA0-1F32-4F8B-BEC2-C806A119EA1F}.Release|Any CPU.Build.0 = Release|Any CPU
		{66A83CA5-E19F-4250-931B-B817EEF08C48}.Debug|Any CPU.ActiveCfg = Debug|Any CPU
		{66A83CA5-E19F-4250-931B-B817EEF08C48}.Debug|Any CPU.Build.0 = Debug|Any CPU
		{66A83CA5-E19F-4250-931B-B817EEF08C48}.Release|Any CPU.ActiveCfg = Release|Any CPU
		{66A83CA5-E19F-4250-931B-B817EEF08C48}.Release|Any CPU.Build.0 = Release|Any CPU
	EndGlobalSection
	GlobalSection(SolutionProperties) = preSolution
		HideSolutionNode = FALSE
	EndGlobalSection
EndGlobal
