
Microsoft Visual Studio Solution File, Format Version 12.00
# Visual Studio 2013
VisualStudioVersion = 12.0.31101.0
MinimumVisualStudioVersion = 10.0.40219.1
Project("{FAE04EC0-301F-11D3-BF4B-00C04F79EFBC}") = "Task_1", "Task_1\Task_1.csproj", "{6C559898-42B1-415D-9DD7-77EA7713C097}"
EndProject
Project("{FAE04EC0-301F-11D3-BF4B-00C04F79EFBC}") = "Task_2", "Task_2\Task_2.csproj", "{3F476557-F41E-4541-B201-8ECBE1842384}"
EndProject
Project("{FAE04EC0-301F-11D3-BF4B-00C04F79EFBC}") = "Task_3", "Task_3\Task_3.csproj", "{96BE3293-7A78-4D8B-8F04-417E8E9FCADC}"
EndProject
Project("{FAE04EC0-301F-11D3-BF4B-00C04F79EFBC}") = "Task_4", "Task_4\Task_4.csproj", "{63E18B3C-66EA-4739-9228-B60488DC5421}"
EndProject
Global
	GlobalSection(SolutionConfigurationPlatforms) = preSolution
		Debug|Any CPU = Debug|Any CPU
		Release|Any CPU = Release|Any CPU
	EndGlobalSection
	GlobalSection(ProjectConfigurationPlatforms) = postSolution
		{6C559898-42B1-415D-9DD7-77EA7713C097}.Debug|Any CPU.ActiveCfg = Debug|Any CPU
		{6C559898-42B1-415D-9DD7-77EA7713C097}.Debug|Any CPU.Build.0 = Debug|Any CPU
		{6C559898-42B1-415D-9DD7-77EA7713C097}.Release|Any CPU.ActiveCfg = Release|Any CPU
		{6C559898-42B1-415D-9DD7-77EA7713C097}.Release|Any CPU.Build.0 = Release|Any CPU
		{3F476557-F41E-4541-B201-8ECBE1842384}.Debug|Any CPU.ActiveCfg = Debug|Any CPU
		{3F476557-F41E-4541-B201-8ECBE1842384}.Debug|Any CPU.Build.0 = Debug|Any CPU
		{3F476557-F41E-4541-B201-8ECBE1842384}.Release|Any CPU.ActiveCfg = Release|Any CPU
		{3F476557-F41E-4541-B201-8ECBE1842384}.Release|Any CPU.Build.0 = Release|Any CPU
		{96BE3293-7A78-4D8B-8F04-417E8E9FCADC}.Debug|Any CPU.ActiveCfg = Debug|Any CPU
		{96BE3293-7A78-4D8B-8F04-417E8E9FCADC}.Debug|Any CPU.Build.0 = Debug|Any CPU
		{96BE3293-7A78-4D8B-8F04-417E8E9FCADC}.Release|Any CPU.ActiveCfg = Release|Any CPU
		{96BE3293-7A78-4D8B-8F04-417E8E9FCADC}.Release|Any CPU.Build.0 = Release|Any CPU
		{63E18B3C-66EA-4739-9228-B60488DC5421}.Debug|Any CPU.ActiveCfg = Debug|Any CPU
		{63E18B3C-66EA-4739-9228-B60488DC5421}.Debug|Any CPU.Build.0 = Debug|Any CPU
		{63E18B3C-66EA-4739-9228-B60488DC5421}.Release|Any CPU.ActiveCfg = Release|Any CPU
		{63E18B3C-66EA-4739-9228-B60488DC5421}.Release|Any CPU.Build.0 = Release|Any CPU
	EndGlobalSection
	GlobalSection(SolutionProperties) = preSolution
		HideSolutionNode = FALSE
	EndGlobalSection
EndGlobal
