
Microsoft Visual Studio Solution File, Format Version 12.00
# Visual Studio 2013
VisualStudioVersion = 12.0.31101.0
MinimumVisualStudioVersion = 10.0.40219.1
Project("{FAE04EC0-301F-11D3-BF4B-00C04F79EFBC}") = "Task1&Task2.RefactorClassChef&IfStatement", "Task1&Task2.RefactorClassChef&IfStatement\Task1&Task2.RefactorClassChef&IfStatement.csproj", "{16CEE054-0513-486C-983C-6921E31587DA}"
EndProject
Project("{FAE04EC0-301F-11D3-BF4B-00C04F79EFBC}") = "Task3.RefactorTheFollowingLloop", "Task3.RefactorTheFollowingLloop\Task3.RefactorTheFollowingLloop.csproj", "{FA252DBD-8A6C-4F98-BAC8-809BB95B97CD}"
EndProject
Global
	GlobalSection(SolutionConfigurationPlatforms) = preSolution
		Debug|Any CPU = Debug|Any CPU
		Release|Any CPU = Release|Any CPU
	EndGlobalSection
	GlobalSection(ProjectConfigurationPlatforms) = postSolution
		{16CEE054-0513-486C-983C-6921E31587DA}.Debug|Any CPU.ActiveCfg = Debug|Any CPU
		{16CEE054-0513-486C-983C-6921E31587DA}.Debug|Any CPU.Build.0 = Debug|Any CPU
		{16CEE054-0513-486C-983C-6921E31587DA}.Release|Any CPU.ActiveCfg = Release|Any CPU
		{16CEE054-0513-486C-983C-6921E31587DA}.Release|Any CPU.Build.0 = Release|Any CPU
		{FA252DBD-8A6C-4F98-BAC8-809BB95B97CD}.Debug|Any CPU.ActiveCfg = Debug|Any CPU
		{FA252DBD-8A6C-4F98-BAC8-809BB95B97CD}.Debug|Any CPU.Build.0 = Debug|Any CPU
		{FA252DBD-8A6C-4F98-BAC8-809BB95B97CD}.Release|Any CPU.ActiveCfg = Release|Any CPU
		{FA252DBD-8A6C-4F98-BAC8-809BB95B97CD}.Release|Any CPU.Build.0 = Release|Any CPU
	EndGlobalSection
	GlobalSection(SolutionProperties) = preSolution
		HideSolutionNode = FALSE
	EndGlobalSection
EndGlobal
